
Microsoft Visual Studio Solution File, Format Version 12.00
# Visual Studio Version 16
VisualStudioVersion = 16.0.30517.126
MinimumVisualStudioVersion = 10.0.40219.1
Project("{9A19103F-16F7-4668-BE54-9A1E7A4F7556}") = "ChuckConsole", "ChuckConsole\ChuckConsole.csproj", "{727E4CCC-169C-4631-9824-0B8442924E81}"
EndProject
Project("{FAE04EC0-301F-11D3-BF4B-00C04F79EFBC}") = "ChuckFarm", "ChuckFarm\ChuckFarm.csproj", "{7FFC11F6-C0E7-4FBE-A341-7CE11C10D1EF}"
EndProject
Global
	GlobalSection(SolutionConfigurationPlatforms) = preSolution
		Debug|Any CPU = Debug|Any CPU
		Release|Any CPU = Release|Any CPU
	EndGlobalSection
	GlobalSection(ProjectConfigurationPlatforms) = postSolution
		{727E4CCC-169C-4631-9824-0B8442924E81}.Debug|Any CPU.ActiveCfg = Debug|Any CPU
		{727E4CCC-169C-4631-9824-0B8442924E81}.Debug|Any CPU.Build.0 = Debug|Any CPU
		{727E4CCC-169C-4631-9824-0B8442924E81}.Release|Any CPU.ActiveCfg = Release|Any CPU
		{727E4CCC-169C-4631-9824-0B8442924E81}.Release|Any CPU.Build.0 = Release|Any CPU
		{7FFC11F6-C0E7-4FBE-A341-7CE11C10D1EF}.Debug|Any CPU.ActiveCfg = Debug|Any CPU
		{7FFC11F6-C0E7-4FBE-A341-7CE11C10D1EF}.Debug|Any CPU.Build.0 = Debug|Any CPU
		{7FFC11F6-C0E7-4FBE-A341-7CE11C10D1EF}.Release|Any CPU.ActiveCfg = Release|Any CPU
		{7FFC11F6-C0E7-4FBE-A341-7CE11C10D1EF}.Release|Any CPU.Build.0 = Release|Any CPU
	EndGlobalSection
	GlobalSection(SolutionProperties) = preSolution
		HideSolutionNode = FALSE
	EndGlobalSection
	GlobalSection(ExtensibilityGlobals) = postSolution
		SolutionGuid = {413B1BC5-94B7-453D-9CFF-A5E395ACFF57}
	EndGlobalSection
EndGlobal
